
Microsoft Visual Studio Solution File, Format Version 12.00
# Visual Studio Version 16
VisualStudioVersion = 16.0.32510.428
MinimumVisualStudioVersion = 10.0.40219.1
Project("{FAE04EC0-301F-11D3-BF4B-00C04F79EFBC}") = "DACN", "DACN.csproj", "{0CE664F3-76A4-4885-B9D8-20785F4478EE}"
EndProject
Global
	GlobalSection(SolutionConfigurationPlatforms) = preSolution
		Debug|Any CPU = Debug|Any CPU
		Release|Any CPU = Release|Any CPU
	EndGlobalSection
	GlobalSection(ProjectConfigurationPlatforms) = postSolution
		{0CE664F3-76A4-4885-B9D8-20785F4478EE}.Debug|Any CPU.ActiveCfg = Debug|Any CPU
		{0CE664F3-76A4-4885-B9D8-20785F4478EE}.Debug|Any CPU.Build.0 = Debug|Any CPU
		{0CE664F3-76A4-4885-B9D8-20785F4478EE}.Release|Any CPU.ActiveCfg = Release|Any CPU
		{0CE664F3-76A4-4885-B9D8-20785F4478EE}.Release|Any CPU.Build.0 = Release|Any CPU
	EndGlobalSection
	GlobalSection(SolutionProperties) = preSolution
		HideSolutionNode = FALSE
	EndGlobalSection
	GlobalSection(ExtensibilityGlobals) = postSolution
		SolutionGuid = {0A3BF0DB-ECD4-483E-BA0B-E36592DDEFFE}
	EndGlobalSection
EndGlobal
